
Microsoft Visual Studio Solution File, Format Version 12.00
# Visual Studio Version 16
VisualStudioVersion = 16.0.31702.278
MinimumVisualStudioVersion = 10.0.40219.1
Project("{FAE04EC0-301F-11D3-BF4B-00C04F79EFBC}") = "QuestionSix", "QuestionSix.csproj", "{992532D5-B740-4A67-ACA3-75C398722375}"
EndProject
Global
	GlobalSection(SolutionConfigurationPlatforms) = preSolution
		Debug|Any CPU = Debug|Any CPU
		Release|Any CPU = Release|Any CPU
	EndGlobalSection
	GlobalSection(ProjectConfigurationPlatforms) = postSolution
		{992532D5-B740-4A67-ACA3-75C398722375}.Debug|Any CPU.ActiveCfg = Debug|Any CPU
		{992532D5-B740-4A67-ACA3-75C398722375}.Debug|Any CPU.Build.0 = Debug|Any CPU
		{992532D5-B740-4A67-ACA3-75C398722375}.Release|Any CPU.ActiveCfg = Release|Any CPU
		{992532D5-B740-4A67-ACA3-75C398722375}.Release|Any CPU.Build.0 = Release|Any CPU
	EndGlobalSection
	GlobalSection(SolutionProperties) = preSolution
		HideSolutionNode = FALSE
	EndGlobalSection
	GlobalSection(ExtensibilityGlobals) = postSolution
		SolutionGuid = {3695874A-A94D-452B-A4CD-68087796262B}
	EndGlobalSection
EndGlobal
