
Microsoft Visual Studio Solution File, Format Version 12.00
# Visual Studio Version 16
VisualStudioVersion = 16.0.31729.503
MinimumVisualStudioVersion = 10.0.40219.1
Project("{FAE04EC0-301F-11D3-BF4B-00C04F79EFBC}") = "QuestionTwo", "QuestionTwo.csproj", "{381B24DA-8E9C-446A-AC6D-28FEFC473C6E}"
EndProject
Global
	GlobalSection(SolutionConfigurationPlatforms) = preSolution
		Debug|Any CPU = Debug|Any CPU
		Release|Any CPU = Release|Any CPU
	EndGlobalSection
	GlobalSection(ProjectConfigurationPlatforms) = postSolution
		{381B24DA-8E9C-446A-AC6D-28FEFC473C6E}.Debug|Any CPU.ActiveCfg = Debug|Any CPU
		{381B24DA-8E9C-446A-AC6D-28FEFC473C6E}.Debug|Any CPU.Build.0 = Debug|Any CPU
		{381B24DA-8E9C-446A-AC6D-28FEFC473C6E}.Release|Any CPU.ActiveCfg = Release|Any CPU
		{381B24DA-8E9C-446A-AC6D-28FEFC473C6E}.Release|Any CPU.Build.0 = Release|Any CPU
	EndGlobalSection
	GlobalSection(SolutionProperties) = preSolution
		HideSolutionNode = FALSE
	EndGlobalSection
	GlobalSection(ExtensibilityGlobals) = postSolution
		SolutionGuid = {8F707DB6-995B-4BF1-95E2-988A7919AC47}
	EndGlobalSection
EndGlobal
