
Microsoft Visual Studio Solution File, Format Version 12.00
# Visual Studio Version 16
VisualStudioVersion = 16.0.31702.278
MinimumVisualStudioVersion = 10.0.40219.1
Project("{FAE04EC0-301F-11D3-BF4B-00C04F79EFBC}") = "QuestionFour", "QuestionFour.csproj", "{0347DC09-A9A2-49AC-9504-768617D8FC7C}"
EndProject
Global
	GlobalSection(SolutionConfigurationPlatforms) = preSolution
		Debug|Any CPU = Debug|Any CPU
		Release|Any CPU = Release|Any CPU
	EndGlobalSection
	GlobalSection(ProjectConfigurationPlatforms) = postSolution
		{0347DC09-A9A2-49AC-9504-768617D8FC7C}.Debug|Any CPU.ActiveCfg = Debug|Any CPU
		{0347DC09-A9A2-49AC-9504-768617D8FC7C}.Debug|Any CPU.Build.0 = Debug|Any CPU
		{0347DC09-A9A2-49AC-9504-768617D8FC7C}.Release|Any CPU.ActiveCfg = Release|Any CPU
		{0347DC09-A9A2-49AC-9504-768617D8FC7C}.Release|Any CPU.Build.0 = Release|Any CPU
	EndGlobalSection
	GlobalSection(SolutionProperties) = preSolution
		HideSolutionNode = FALSE
	EndGlobalSection
	GlobalSection(ExtensibilityGlobals) = postSolution
		SolutionGuid = {C455595D-A119-420E-B0F9-2B8989EF0062}
	EndGlobalSection
EndGlobal
