
Microsoft Visual Studio Solution File, Format Version 12.00
# Visual Studio Version 16
VisualStudioVersion = 16.0.31702.278
MinimumVisualStudioVersion = 10.0.40219.1
Project("{FAE04EC0-301F-11D3-BF4B-00C04F79EFBC}") = "QuestionFive", "QuestionFive.csproj", "{D6B46319-23B4-42B0-AE44-9AAEAD3C7C2B}"
EndProject
Global
	GlobalSection(SolutionConfigurationPlatforms) = preSolution
		Debug|Any CPU = Debug|Any CPU
		Release|Any CPU = Release|Any CPU
	EndGlobalSection
	GlobalSection(ProjectConfigurationPlatforms) = postSolution
		{D6B46319-23B4-42B0-AE44-9AAEAD3C7C2B}.Debug|Any CPU.ActiveCfg = Debug|Any CPU
		{D6B46319-23B4-42B0-AE44-9AAEAD3C7C2B}.Debug|Any CPU.Build.0 = Debug|Any CPU
		{D6B46319-23B4-42B0-AE44-9AAEAD3C7C2B}.Release|Any CPU.ActiveCfg = Release|Any CPU
		{D6B46319-23B4-42B0-AE44-9AAEAD3C7C2B}.Release|Any CPU.Build.0 = Release|Any CPU
	EndGlobalSection
	GlobalSection(SolutionProperties) = preSolution
		HideSolutionNode = FALSE
	EndGlobalSection
	GlobalSection(ExtensibilityGlobals) = postSolution
		SolutionGuid = {2D2D869F-FBAF-4631-9DBB-A5A1EA40B49B}
	EndGlobalSection
EndGlobal
