
Microsoft Visual Studio Solution File, Format Version 12.00
# Visual Studio Version 16
VisualStudioVersion = 16.0.31702.278
MinimumVisualStudioVersion = 10.0.40219.1
Project("{FAE04EC0-301F-11D3-BF4B-00C04F79EFBC}") = "QuestionNine", "QuestionNine.csproj", "{8E075D36-A8EC-4701-8D62-56976BC8BF46}"
EndProject
Global
	GlobalSection(SolutionConfigurationPlatforms) = preSolution
		Debug|Any CPU = Debug|Any CPU
		Release|Any CPU = Release|Any CPU
	EndGlobalSection
	GlobalSection(ProjectConfigurationPlatforms) = postSolution
		{8E075D36-A8EC-4701-8D62-56976BC8BF46}.Debug|Any CPU.ActiveCfg = Debug|Any CPU
		{8E075D36-A8EC-4701-8D62-56976BC8BF46}.Debug|Any CPU.Build.0 = Debug|Any CPU
		{8E075D36-A8EC-4701-8D62-56976BC8BF46}.Release|Any CPU.ActiveCfg = Release|Any CPU
		{8E075D36-A8EC-4701-8D62-56976BC8BF46}.Release|Any CPU.Build.0 = Release|Any CPU
	EndGlobalSection
	GlobalSection(SolutionProperties) = preSolution
		HideSolutionNode = FALSE
	EndGlobalSection
	GlobalSection(ExtensibilityGlobals) = postSolution
		SolutionGuid = {6F81A91B-6FDE-4C6B-83CF-408C6BE34556}
	EndGlobalSection
EndGlobal
