
Microsoft Visual Studio Solution File, Format Version 12.00
# Visual Studio Version 16
VisualStudioVersion = 16.0.31729.503
MinimumVisualStudioVersion = 10.0.40219.1
Project("{FAE04EC0-301F-11D3-BF4B-00C04F79EFBC}") = "QuestionFive", "QuestionFive.csproj", "{49B37FF9-8BA0-431F-88F9-B9420A9467C6}"
EndProject
Global
	GlobalSection(SolutionConfigurationPlatforms) = preSolution
		Debug|Any CPU = Debug|Any CPU
		Release|Any CPU = Release|Any CPU
	EndGlobalSection
	GlobalSection(ProjectConfigurationPlatforms) = postSolution
		{49B37FF9-8BA0-431F-88F9-B9420A9467C6}.Debug|Any CPU.ActiveCfg = Debug|Any CPU
		{49B37FF9-8BA0-431F-88F9-B9420A9467C6}.Debug|Any CPU.Build.0 = Debug|Any CPU
		{49B37FF9-8BA0-431F-88F9-B9420A9467C6}.Release|Any CPU.ActiveCfg = Release|Any CPU
		{49B37FF9-8BA0-431F-88F9-B9420A9467C6}.Release|Any CPU.Build.0 = Release|Any CPU
	EndGlobalSection
	GlobalSection(SolutionProperties) = preSolution
		HideSolutionNode = FALSE
	EndGlobalSection
	GlobalSection(ExtensibilityGlobals) = postSolution
		SolutionGuid = {B522B0C8-5AA1-4406-A0CE-D70814F70A55}
	EndGlobalSection
EndGlobal
