
Microsoft Visual Studio Solution File, Format Version 12.00
# Visual Studio Version 16
VisualStudioVersion = 16.0.31729.503
MinimumVisualStudioVersion = 10.0.40219.1
Project("{FAE04EC0-301F-11D3-BF4B-00C04F79EFBC}") = "CourseLib", "CourseLib.csproj", "{2A44496D-A0F5-45D1-AD54-6879A7C11A7C}"
EndProject
Global
	GlobalSection(SolutionConfigurationPlatforms) = preSolution
		Debug|Any CPU = Debug|Any CPU
		Release|Any CPU = Release|Any CPU
	EndGlobalSection
	GlobalSection(ProjectConfigurationPlatforms) = postSolution
		{2A44496D-A0F5-45D1-AD54-6879A7C11A7C}.Debug|Any CPU.ActiveCfg = Debug|Any CPU
		{2A44496D-A0F5-45D1-AD54-6879A7C11A7C}.Debug|Any CPU.Build.0 = Debug|Any CPU
		{2A44496D-A0F5-45D1-AD54-6879A7C11A7C}.Release|Any CPU.ActiveCfg = Release|Any CPU
		{2A44496D-A0F5-45D1-AD54-6879A7C11A7C}.Release|Any CPU.Build.0 = Release|Any CPU
	EndGlobalSection
	GlobalSection(SolutionProperties) = preSolution
		HideSolutionNode = FALSE
	EndGlobalSection
	GlobalSection(ExtensibilityGlobals) = postSolution
		SolutionGuid = {E5465EE8-F96E-471A-A2E6-634E4BE8CF73}
	EndGlobalSection
EndGlobal
